// !$*UTF8*$!
{
	archiveVersion = 1;
	classes = {
	};
	objectVersion = 46;
	objects = {

/* Begin PBXBuildFile section */
		ED51CCC61C5371DC009E53BA /* bench.c in Sources */ = {isa = PBXBuildFile; fileRef = ED51CCC01C5371DC009E53BA /* bench.c */; };
		ED8DC0091C36152A00B42D26 /* main.c in Sources */ = {isa = PBXBuildFile; fileRef = ED8DC0081C36152A00B42D26 /* main.c */; };
		EDDD7C341C3E98FF000BB8AE /* select_demo.c in Sources */ = {isa = PBXBuildFile; fileRef = EDDD7C321C3E98FF000BB8AE /* select_demo.c */; };
		EDE086961C5340E900AD3966 /* ztcpServerStart.c in Sources */ = {isa = PBXBuildFile; fileRef = EDE086941C5340E900AD3966 /* ztcpServerStart.c */; };
		EDE086991C53419300AD3966 /* ztcpServerUtils.c in Sources */ = {isa = PBXBuildFile; fileRef = EDE086971C53419300AD3966 /* ztcpServerUtils.c */; };
		EDE0B5D91C5365E900AD3966 /* zepoll_apple.c in Sources */ = {isa = PBXBuildFile; fileRef = EDE0B5D81C5365E900AD3966 /* zepoll_apple.c */; };
		EDE31F401C451BB1005D1AAF /* ZDB.c in Sources */ = {isa = PBXBuildFile; fileRef = EDE31F3E1C451BB1005D1AAF /* ZDB.c */; };
		EDE48BA91C3C10E40091C1E8 /* backup.c in Sources */ = {isa = PBXBuildFile; fileRef = EDE48BA31C3C10E40091C1E8 /* backup.c */; };
		EDE48BAA1C3C10E40091C1E8 /* ZC.c in Sources */ = {isa = PBXBuildFile; fileRef = EDE48BA51C3C10E40091C1E8 /* ZC.c */; };
		EDE48BAB1C3C10E40091C1E8 /* ZStack.c in Sources */ = {isa = PBXBuildFile; fileRef = EDE48BA71C3C10E40091C1E8 /* ZStack.c */; };
		EDE48BCE1C3C10F70091C1E8 /* CString.c in Sources */ = {isa = PBXBuildFile; fileRef = EDE48BB01C3C10F70091C1E8 /* CString.c */; };
		EDE48BCF1C3C10F70091C1E8 /* Groups.m in Sources */ = {isa = PBXBuildFile; fileRef = EDE48BB31C3C10F70091C1E8 /* Groups.m */; };
		EDE48BD01C3C10F70091C1E8 /* hashmap.c in Sources */ = {isa = PBXBuildFile; fileRef = EDE48BB41C3C10F70091C1E8 /* hashmap.c */; };
		EDE48BD11C3C10F70091C1E8 /* mmap_test.c in Sources */ = {isa = PBXBuildFile; fileRef = EDE48BB61C3C10F70091C1E8 /* mmap_test.c */; };
		EDE48BD21C3C10F70091C1E8 /* SimpleFileHandle.m in Sources */ = {isa = PBXBuildFile; fileRef = EDE48BB91C3C10F70091C1E8 /* SimpleFileHandle.m */; };
		EDE48BD31C3C10F70091C1E8 /* SimpleHttpRequest.m in Sources */ = {isa = PBXBuildFile; fileRef = EDE48BBB1C3C10F70091C1E8 /* SimpleHttpRequest.m */; };
		EDE48BD41C3C10F70091C1E8 /* ZArray.c in Sources */ = {isa = PBXBuildFile; fileRef = EDE48BBC1C3C10F70091C1E8 /* ZArray.c */; };
		EDE48BD61C3C10F70091C1E8 /* ZHash.c in Sources */ = {isa = PBXBuildFile; fileRef = EDE48BC01C3C10F70091C1E8 /* ZHash.c */; };
		EDE48BD71C3C10F70091C1E8 /* ZHttpServer.c in Sources */ = {isa = PBXBuildFile; fileRef = EDE48BC21C3C10F70091C1E8 /* ZHttpServer.c */; };
		EDE48BD81C3C10F70091C1E8 /* ZJson.c in Sources */ = {isa = PBXBuildFile; fileRef = EDE48BC41C3C10F70091C1E8 /* ZJson.c */; };
		EDE48BD91C3C10F70091C1E8 /* ZMap.c in Sources */ = {isa = PBXBuildFile; fileRef = EDE48BC61C3C10F70091C1E8 /* ZMap.c */; };
		EDE48BDA1C3C10F70091C1E8 /* ZThread.c in Sources */ = {isa = PBXBuildFile; fileRef = EDE48BC81C3C10F70091C1E8 /* ZThread.c */; };
		EDE48BDB1C3C10F70091C1E8 /* ZTime.c in Sources */ = {isa = PBXBuildFile; fileRef = EDE48BCA1C3C10F70091C1E8 /* ZTime.c */; };
/* End PBXBuildFile section */

/* Begin PBXCopyFilesBuildPhase section */
		ED8DC0031C36152A00B42D26 /* CopyFiles */ = {
			isa = PBXCopyFilesBuildPhase;
			buildActionMask = 2147483647;
			dstPath = /usr/share/man/man1/;
			dstSubfolderSpec = 0;
			files = (
			);
			runOnlyForDeploymentPostprocessing = 1;
		};
/* End PBXCopyFilesBuildPhase section */

/* Begin PBXFileReference section */
		ED51CCC01C5371DC009E53BA /* bench.c */ = {isa = PBXFileReference; fileEncoding = 4; lastKnownFileType = sourcecode.c.c; path = bench.c; sourceTree = "<group>"; };
		ED51CCC11C5371DC009E53BA /* faio-epoll.h */ = {isa = PBXFileReference; fileEncoding = 4; lastKnownFileType = sourcecode.c.h; path = "faio-epoll.h"; sourceTree = "<group>"; };
		ED51CCC21C5371DC009E53BA /* faio-kqueue.h */ = {isa = PBXFileReference; fileEncoding = 4; lastKnownFileType = sourcecode.c.h; path = "faio-kqueue.h"; sourceTree = "<group>"; };
		ED51CCC31C5371DC009E53BA /* faio-port.h */ = {isa = PBXFileReference; fileEncoding = 4; lastKnownFileType = sourcecode.c.h; path = "faio-port.h"; sourceTree = "<group>"; };
		ED51CCC41C5371DC009E53BA /* faio-util.h */ = {isa = PBXFileReference; fileEncoding = 4; lastKnownFileType = sourcecode.c.h; path = "faio-util.h"; sourceTree = "<group>"; };
		ED51CCC51C5371DC009E53BA /* faio.h */ = {isa = PBXFileReference; fileEncoding = 4; lastKnownFileType = sourcecode.c.h; path = faio.h; sourceTree = "<group>"; };
		ED8DC0051C36152A00B42D26 /* ZC */ = {isa = PBXFileReference; explicitFileType = "compiled.mach-o.executable"; includeInIndex = 0; path = ZC; sourceTree = BUILT_PRODUCTS_DIR; };
		ED8DC0081C36152A00B42D26 /* main.c */ = {isa = PBXFileReference; lastKnownFileType = sourcecode.c.c; path = main.c; sourceTree = "<group>"; };
		EDDD7C321C3E98FF000BB8AE /* select_demo.c */ = {isa = PBXFileReference; fileEncoding = 4; lastKnownFileType = sourcecode.c.c; path = select_demo.c; sourceTree = "<group>"; };
		EDDD7C331C3E98FF000BB8AE /* select_demo.h */ = {isa = PBXFileReference; fileEncoding = 4; lastKnownFileType = sourcecode.c.h; path = select_demo.h; sourceTree = "<group>"; };
		EDE086941C5340E900AD3966 /* ztcpServerStart.c */ = {isa = PBXFileReference; fileEncoding = 4; lastKnownFileType = sourcecode.c.c; path = ztcpServerStart.c; sourceTree = "<group>"; };
		EDE086971C53419300AD3966 /* ztcpServerUtils.c */ = {isa = PBXFileReference; fileEncoding = 4; lastKnownFileType = sourcecode.c.c; path = ztcpServerUtils.c; sourceTree = "<group>"; };
		EDE0869C1C53651900AD3966 /* zepoll.h */ = {isa = PBXFileReference; fileEncoding = 4; lastKnownFileType = sourcecode.c.h; path = zepoll.h; sourceTree = "<group>"; };
		EDE0B5D81C5365E900AD3966 /* zepoll_apple.c */ = {isa = PBXFileReference; fileEncoding = 4; lastKnownFileType = sourcecode.c.c; path = zepoll_apple.c; sourceTree = "<group>"; };
		EDE31F3E1C451BB1005D1AAF /* ZDB.c */ = {isa = PBXFileReference; fileEncoding = 4; lastKnownFileType = sourcecode.c.c; path = ZDB.c; sourceTree = "<group>"; };
		EDE31F3F1C451BB1005D1AAF /* ZDB.h */ = {isa = PBXFileReference; fileEncoding = 4; lastKnownFileType = sourcecode.c.h; path = ZDB.h; sourceTree = "<group>"; };
		EDE48BA31C3C10E40091C1E8 /* backup.c */ = {isa = PBXFileReference; fileEncoding = 4; lastKnownFileType = sourcecode.c.c; path = backup.c; sourceTree = "<group>"; };
		EDE48BA41C3C10E40091C1E8 /* backup.h */ = {isa = PBXFileReference; fileEncoding = 4; lastKnownFileType = sourcecode.c.h; path = backup.h; sourceTree = "<group>"; };
		EDE48BA51C3C10E40091C1E8 /* ZC.c */ = {isa = PBXFileReference; fileEncoding = 4; lastKnownFileType = sourcecode.c.c; path = ZC.c; sourceTree = "<group>"; };
		EDE48BA61C3C10E40091C1E8 /* ZC.h */ = {isa = PBXFileReference; fileEncoding = 4; lastKnownFileType = sourcecode.c.h; path = ZC.h; sourceTree = "<group>"; };
		EDE48BA71C3C10E40091C1E8 /* ZStack.c */ = {isa = PBXFileReference; fileEncoding = 4; lastKnownFileType = sourcecode.c.c; path = ZStack.c; sourceTree = "<group>"; };
		EDE48BA81C3C10E40091C1E8 /* ZStack.h */ = {isa = PBXFileReference; fileEncoding = 4; lastKnownFileType = sourcecode.c.h; path = ZStack.h; sourceTree = "<group>"; };
		EDE48BB01C3C10F70091C1E8 /* CString.c */ = {isa = PBXFileReference; fileEncoding = 4; lastKnownFileType = sourcecode.c.c; path = CString.c; sourceTree = "<group>"; };
		EDE48BB11C3C10F70091C1E8 /* CString.h */ = {isa = PBXFileReference; fileEncoding = 4; lastKnownFileType = sourcecode.c.h; path = CString.h; sourceTree = "<group>"; };
		EDE48BB21C3C10F70091C1E8 /* Groups.h */ = {isa = PBXFileReference; fileEncoding = 4; lastKnownFileType = sourcecode.c.h; path = Groups.h; sourceTree = "<group>"; };
		EDE48BB31C3C10F70091C1E8 /* Groups.m */ = {isa = PBXFileReference; fileEncoding = 4; lastKnownFileType = sourcecode.c.objc; path = Groups.m; sourceTree = "<group>"; };
		EDE48BB41C3C10F70091C1E8 /* hashmap.c */ = {isa = PBXFileReference; fileEncoding = 4; lastKnownFileType = sourcecode.c.c; path = hashmap.c; sourceTree = "<group>"; };
		EDE48BB51C3C10F70091C1E8 /* hashmap.h */ = {isa = PBXFileReference; fileEncoding = 4; lastKnownFileType = sourcecode.c.h; path = hashmap.h; sourceTree = "<group>"; };
		EDE48BB61C3C10F70091C1E8 /* mmap_test.c */ = {isa = PBXFileReference; fileEncoding = 4; lastKnownFileType = sourcecode.c.c; path = mmap_test.c; sourceTree = "<group>"; };
		EDE48BB71C3C10F70091C1E8 /* mmap_test.h */ = {isa = PBXFileReference; fileEncoding = 4; lastKnownFileType = sourcecode.c.h; path = mmap_test.h; sourceTree = "<group>"; };
		EDE48BB81C3C10F70091C1E8 /* SimpleFileHandle.h */ = {isa = PBXFileReference; fileEncoding = 4; lastKnownFileType = sourcecode.c.h; path = SimpleFileHandle.h; sourceTree = "<group>"; };
		EDE48BB91C3C10F70091C1E8 /* SimpleFileHandle.m */ = {isa = PBXFileReference; fileEncoding = 4; lastKnownFileType = sourcecode.c.objc; path = SimpleFileHandle.m; sourceTree = "<group>"; };
		EDE48BBA1C3C10F70091C1E8 /* SimpleHttpRequest.h */ = {isa = PBXFileReference; fileEncoding = 4; lastKnownFileType = sourcecode.c.h; path = SimpleHttpRequest.h; sourceTree = "<group>"; };
		EDE48BBB1C3C10F70091C1E8 /* SimpleHttpRequest.m */ = {isa = PBXFileReference; fileEncoding = 4; lastKnownFileType = sourcecode.c.objc; path = SimpleHttpRequest.m; sourceTree = "<group>"; };
		EDE48BBC1C3C10F70091C1E8 /* ZArray.c */ = {isa = PBXFileReference; fileEncoding = 4; lastKnownFileType = sourcecode.c.c; path = ZArray.c; sourceTree = "<group>"; };
		EDE48BBD1C3C10F70091C1E8 /* ZArray.h */ = {isa = PBXFileReference; fileEncoding = 4; lastKnownFileType = sourcecode.c.h; path = ZArray.h; sourceTree = "<group>"; };
		EDE48BC01C3C10F70091C1E8 /* ZHash.c */ = {isa = PBXFileReference; fileEncoding = 4; lastKnownFileType = sourcecode.c.c; path = ZHash.c; sourceTree = "<group>"; };
		EDE48BC11C3C10F70091C1E8 /* ZHash.h */ = {isa = PBXFileReference; fileEncoding = 4; lastKnownFileType = sourcecode.c.h; path = ZHash.h; sourceTree = "<group>"; };
		EDE48BC21C3C10F70091C1E8 /* ZHttpServer.c */ = {isa = PBXFileReference; fileEncoding = 4; lastKnownFileType = sourcecode.c.c; path = ZHttpServer.c; sourceTree = "<group>"; };
		EDE48BC31C3C10F70091C1E8 /* ZHttpServer.h */ = {isa = PBXFileReference; fileEncoding = 4; lastKnownFileType = sourcecode.c.h; path = ZHttpServer.h; sourceTree = "<group>"; };
		EDE48BC41C3C10F70091C1E8 /* ZJson.c */ = {isa = PBXFileReference; fileEncoding = 4; lastKnownFileType = sourcecode.c.c; path = ZJson.c; sourceTree = "<group>"; };
		EDE48BC51C3C10F70091C1E8 /* ZJson.h */ = {isa = PBXFileReference; fileEncoding = 4; lastKnownFileType = sourcecode.c.h; path = ZJson.h; sourceTree = "<group>"; };
		EDE48BC61C3C10F70091C1E8 /* ZMap.c */ = {isa = PBXFileReference; fileEncoding = 4; lastKnownFileType = sourcecode.c.c; path = ZMap.c; sourceTree = "<group>"; };
		EDE48BC71C3C10F70091C1E8 /* ZMap.h */ = {isa = PBXFileReference; fileEncoding = 4; lastKnownFileType = sourcecode.c.h; path = ZMap.h; sourceTree = "<group>"; };
		EDE48BC81C3C10F70091C1E8 /* ZThread.c */ = {isa = PBXFileReference; fileEncoding = 4; lastKnownFileType = sourcecode.c.c; path = ZThread.c; sourceTree = "<group>"; };
		EDE48BC91C3C10F70091C1E8 /* ZThread.h */ = {isa = PBXFileReference; fileEncoding = 4; lastKnownFileType = sourcecode.c.h; path = ZThread.h; sourceTree = "<group>"; };
		EDE48BCA1C3C10F70091C1E8 /* ZTime.c */ = {isa = PBXFileReference; fileEncoding = 4; lastKnownFileType = sourcecode.c.c; path = ZTime.c; sourceTree = "<group>"; };
		EDE48BCB1C3C10F70091C1E8 /* ZTime.h */ = {isa = PBXFileReference; fileEncoding = 4; lastKnownFileType = sourcecode.c.h; path = ZTime.h; sourceTree = "<group>"; };
/* End PBXFileReference section */

/* Begin PBXFrameworksBuildPhase section */
		ED8DC0021C36152A00B42D26 /* Frameworks */ = {
			isa = PBXFrameworksBuildPhase;
			buildActionMask = 2147483647;
			files = (
			);
			runOnlyForDeploymentPostprocessing = 0;
		};
/* End PBXFrameworksBuildPhase section */

/* Begin PBXGroup section */
		ED8DBFFC1C36152A00B42D26 = {
			isa = PBXGroup;
			children = (
				ED8DC0071C36152A00B42D26 /* ZC */,
				ED8DC0061C36152A00B42D26 /* Products */,
			);
			sourceTree = "<group>";
		};
		ED8DC0061C36152A00B42D26 /* Products */ = {
			isa = PBXGroup;
			children = (
				ED8DC0051C36152A00B42D26 /* ZC */,
			);
			name = Products;
			sourceTree = "<group>";
		};
		ED8DC0071C36152A00B42D26 /* ZC */ = {
			isa = PBXGroup;
			children = (
				EDE48BA21C3C10D10091C1E8 /* api */,
				ED8DC0081C36152A00B42D26 /* main.c */,
			);
			path = ZC;
			sourceTree = "<group>";
		};
		EDE086881C531C7000AD3966 /* tcp */ = {
			isa = PBXGroup;
			children = (
				EDE0B5D81C5365E900AD3966 /* zepoll_apple.c */,
				EDE0869C1C53651900AD3966 /* zepoll.h */,
				EDE086941C5340E900AD3966 /* ztcpServerStart.c */,
				EDE086971C53419300AD3966 /* ztcpServerUtils.c */,
			);
			name = tcp;
			sourceTree = "<group>";
		};
		EDE0B5DA1C5366D500AD3966 /* http */ = {
			isa = PBXGroup;
			children = (
			);
			name = http;
			sourceTree = "<group>";
		};
		EDE0B5DB1C5366DC00AD3966 /* db */ = {
			isa = PBXGroup;
			children = (
				EDE31F3E1C451BB1005D1AAF /* ZDB.c */,
				EDE31F3F1C451BB1005D1AAF /* ZDB.h */,
			);
			name = db;
			sourceTree = "<group>";
		};
		EDE0B5DE1C53711100AD3966 /* faio */ = {
			isa = PBXGroup;
			children = (
				ED51CCC01C5371DC009E53BA /* bench.c */,
				ED51CCC11C5371DC009E53BA /* faio-epoll.h */,
				ED51CCC21C5371DC009E53BA /* faio-kqueue.h */,
				ED51CCC31C5371DC009E53BA /* faio-port.h */,
				ED51CCC41C5371DC009E53BA /* faio-util.h */,
				ED51CCC51C5371DC009E53BA /* faio.h */,
			);
			name = faio;
			sourceTree = "<group>";
		};
		EDE48BA21C3C10D10091C1E8 /* api */ = {
			isa = PBXGroup;
			children = (
				EDE0B5DE1C53711100AD3966 /* faio */,
				EDE0B5DB1C5366DC00AD3966 /* db */,
				EDE0B5DA1C5366D500AD3966 /* http */,
				EDE086881C531C7000AD3966 /* tcp */,
				EDE48BB01C3C10F70091C1E8 /* CString.c */,
				EDE48BB11C3C10F70091C1E8 /* CString.h */,
				EDE48BB21C3C10F70091C1E8 /* Groups.h */,
				EDE48BB31C3C10F70091C1E8 /* Groups.m */,
				EDE48BB41C3C10F70091C1E8 /* hashmap.c */,
				EDE48BB51C3C10F70091C1E8 /* hashmap.h */,
				EDE48BB61C3C10F70091C1E8 /* mmap_test.c */,
				EDE48BB71C3C10F70091C1E8 /* mmap_test.h */,
				EDE48BB81C3C10F70091C1E8 /* SimpleFileHandle.h */,
				EDE48BB91C3C10F70091C1E8 /* SimpleFileHandle.m */,
				EDE48BBA1C3C10F70091C1E8 /* SimpleHttpRequest.h */,
				EDE48BBB1C3C10F70091C1E8 /* SimpleHttpRequest.m */,
				EDE48BBC1C3C10F70091C1E8 /* ZArray.c */,
				EDE48BBD1C3C10F70091C1E8 /* ZArray.h */,
				EDE48BC01C3C10F70091C1E8 /* ZHash.c */,
				EDE48BC11C3C10F70091C1E8 /* ZHash.h */,
				EDE48BC21C3C10F70091C1E8 /* ZHttpServer.c */,
				EDE48BC31C3C10F70091C1E8 /* ZHttpServer.h */,
				EDE48BC41C3C10F70091C1E8 /* ZJson.c */,
				EDE48BC51C3C10F70091C1E8 /* ZJson.h */,
				EDE48BC61C3C10F70091C1E8 /* ZMap.c */,
				EDE48BC71C3C10F70091C1E8 /* ZMap.h */,
				EDE48BC81C3C10F70091C1E8 /* ZThread.c */,
				EDE48BC91C3C10F70091C1E8 /* ZThread.h */,
				EDE48BCA1C3C10F70091C1E8 /* ZTime.c */,
				EDE48BCB1C3C10F70091C1E8 /* ZTime.h */,
				EDE48BA31C3C10E40091C1E8 /* backup.c */,
				EDE48BA41C3C10E40091C1E8 /* backup.h */,
				EDE48BA51C3C10E40091C1E8 /* ZC.c */,
				EDE48BA61C3C10E40091C1E8 /* ZC.h */,
				EDE48BA71C3C10E40091C1E8 /* ZStack.c */,
				EDE48BA81C3C10E40091C1E8 /* ZStack.h */,
				EDDD7C321C3E98FF000BB8AE /* select_demo.c */,
				EDDD7C331C3E98FF000BB8AE /* select_demo.h */,
			);
			name = api;
			sourceTree = "<group>";
		};
/* End PBXGroup section */

/* Begin PBXNativeTarget section */
		ED8DC0041C36152A00B42D26 /* ZC */ = {
			isa = PBXNativeTarget;
			buildConfigurationList = ED8DC00C1C36152A00B42D26 /* Build configuration list for PBXNativeTarget "ZC" */;
			buildPhases = (
				ED8DC0011C36152A00B42D26 /* Sources */,
				ED8DC0021C36152A00B42D26 /* Frameworks */,
				ED8DC0031C36152A00B42D26 /* CopyFiles */,
			);
			buildRules = (
			);
			dependencies = (
			);
			name = ZC;
			productName = ZC;
			productReference = ED8DC0051C36152A00B42D26 /* ZC */;
			productType = "com.apple.product-type.tool";
		};
/* End PBXNativeTarget section */

/* Begin PBXProject section */
		ED8DBFFD1C36152A00B42D26 /* Project object */ = {
			isa = PBXProject;
			attributes = {
				LastUpgradeCheck = 0710;
				ORGANIZATIONNAME = "张新伟";
				TargetAttributes = {
					ED8DC0041C36152A00B42D26 = {
						CreatedOnToolsVersion = 7.1;
					};
				};
			};
			buildConfigurationList = ED8DC0001C36152A00B42D26 /* Build configuration list for PBXProject "ZC" */;
			compatibilityVersion = "Xcode 3.2";
			developmentRegion = English;
			hasScannedForEncodings = 0;
			knownRegions = (
				en,
			);
			mainGroup = ED8DBFFC1C36152A00B42D26;
			productRefGroup = ED8DC0061C36152A00B42D26 /* Products */;
			projectDirPath = "";
			projectRoot = "";
			targets = (
				ED8DC0041C36152A00B42D26 /* ZC */,
			);
		};
/* End PBXProject section */

/* Begin PBXSourcesBuildPhase section */
		ED8DC0011C36152A00B42D26 /* Sources */ = {
			isa = PBXSourcesBuildPhase;
			buildActionMask = 2147483647;
			files = (
				EDE48BD41C3C10F70091C1E8 /* ZArray.c in Sources */,
				EDE0B5D91C5365E900AD3966 /* zepoll_apple.c in Sources */,
				EDE48BAA1C3C10E40091C1E8 /* ZC.c in Sources */,
				EDE48BD81C3C10F70091C1E8 /* ZJson.c in Sources */,
				EDE48BAB1C3C10E40091C1E8 /* ZStack.c in Sources */,
				EDE48BDB1C3C10F70091C1E8 /* ZTime.c in Sources */,
				EDE086991C53419300AD3966 /* ztcpServerUtils.c in Sources */,
				EDE48BCF1C3C10F70091C1E8 /* Groups.m in Sources */,
				EDE31F401C451BB1005D1AAF /* ZDB.c in Sources */,
				EDE48BCE1C3C10F70091C1E8 /* CString.c in Sources */,
				EDE48BD21C3C10F70091C1E8 /* SimpleFileHandle.m in Sources */,
				ED51CCC61C5371DC009E53BA /* bench.c in Sources */,
				ED8DC0091C36152A00B42D26 /* main.c in Sources */,
				EDE48BA91C3C10E40091C1E8 /* backup.c in Sources */,
				EDE48BD91C3C10F70091C1E8 /* ZMap.c in Sources */,
				EDE48BDA1C3C10F70091C1E8 /* ZThread.c in Sources */,
				EDE086961C5340E900AD3966 /* ztcpServerStart.c in Sources */,
				EDE48BD31C3C10F70091C1E8 /* SimpleHttpRequest.m in Sources */,
				EDE48BD61C3C10F70091C1E8 /* ZHash.c in Sources */,
				EDE48BD11C3C10F70091C1E8 /* mmap_test.c in Sources */,
				EDDD7C341C3E98FF000BB8AE /* select_demo.c in Sources */,
				EDE48BD01C3C10F70091C1E8 /* hashmap.c in Sources */,
				EDE48BD71C3C10F70091C1E8 /* ZHttpServer.c in Sources */,
			);
			runOnlyForDeploymentPostprocessing = 0;
		};
/* End PBXSourcesBuildPhase section */

/* Begin XCBuildConfiguration section */
		ED8DC00A1C36152A00B42D26 /* Debug */ = {
			isa = XCBuildConfiguration;
			buildSettings = {
				ALWAYS_SEARCH_USER_PATHS = NO;
				CLANG_CXX_LANGUAGE_STANDARD = "gnu++0x";
				CLANG_CXX_LIBRARY = "libc++";
				CLANG_ENABLE_MODULES = YES;
				CLANG_ENABLE_OBJC_ARC = YES;
				CLANG_WARN_BOOL_CONVERSION = YES;
				CLANG_WARN_CONSTANT_CONVERSION = YES;
				CLANG_WARN_DIRECT_OBJC_ISA_USAGE = YES_ERROR;
				CLANG_WARN_EMPTY_BODY = YES;
				CLANG_WARN_ENUM_CONVERSION = YES;
				CLANG_WARN_INT_CONVERSION = YES;
				CLANG_WARN_OBJC_ROOT_CLASS = YES_ERROR;
				CLANG_WARN_UNREACHABLE_CODE = YES;
				CLANG_WARN__DUPLICATE_METHOD_MATCH = YES;
				CODE_SIGN_IDENTITY = "-";
				COPY_PHASE_STRIP = NO;
				DEBUG_INFORMATION_FORMAT = dwarf;
				ENABLE_STRICT_OBJC_MSGSEND = YES;
				ENABLE_TESTABILITY = YES;
				GCC_C_LANGUAGE_STANDARD = gnu99;
				GCC_DYNAMIC_NO_PIC = NO;
				GCC_NO_COMMON_BLOCKS = YES;
				GCC_OPTIMIZATION_LEVEL = 0;
				GCC_PREPROCESSOR_DEFINITIONS = (
					"DEBUG=1",
					"$(inherited)",
				);
				GCC_WARN_64_TO_32_BIT_CONVERSION = YES;
				GCC_WARN_ABOUT_RETURN_TYPE = YES_ERROR;
				GCC_WARN_UNDECLARED_SELECTOR = YES;
				GCC_WARN_UNINITIALIZED_AUTOS = YES_AGGRESSIVE;
				GCC_WARN_UNUSED_FUNCTION = YES;
				GCC_WARN_UNUSED_VARIABLE = YES;
				MACOSX_DEPLOYMENT_TARGET = 10.10;
				MTL_ENABLE_DEBUG_INFO = YES;
				ONLY_ACTIVE_ARCH = YES;
				SDKROOT = macosx;
			};
			name = Debug;
		};
		ED8DC00B1C36152A00B42D26 /* Release */ = {
			isa = XCBuildConfiguration;
			buildSettings = {
				ALWAYS_SEARCH_USER_PATHS = NO;
				CLANG_CXX_LANGUAGE_STANDARD = "gnu++0x";
				CLANG_CXX_LIBRARY = "libc++";
				CLANG_ENABLE_MODULES = YES;
				CLANG_ENABLE_OBJC_ARC = YES;
				CLANG_WARN_BOOL_CONVERSION = YES;
				CLANG_WARN_CONSTANT_CONVERSION = YES;
				CLANG_WARN_DIRECT_OBJC_ISA_USAGE = YES_ERROR;
				CLANG_WARN_EMPTY_BODY = YES;
				CLANG_WARN_ENUM_CONVERSION = YES;
				CLANG_WARN_INT_CONVERSION = YES;
				CLANG_WARN_OBJC_ROOT_CLASS = YES_ERROR;
				CLANG_WARN_UNREACHABLE_CODE = YES;
				CLANG_WARN__DUPLICATE_METHOD_MATCH = YES;
				CODE_SIGN_IDENTITY = "-";
				COPY_PHASE_STRIP = NO;
				DEBUG_INFORMATION_FORMAT = "dwarf-with-dsym";
				ENABLE_NS_ASSERTIONS = NO;
				ENABLE_STRICT_OBJC_MSGSEND = YES;
				GCC_C_LANGUAGE_STANDARD = gnu99;
				GCC_NO_COMMON_BLOCKS = YES;
				GCC_WARN_64_TO_32_BIT_CONVERSION = YES;
				GCC_WARN_ABOUT_RETURN_TYPE = YES_ERROR;
				GCC_WARN_UNDECLARED_SELECTOR = YES;
				GCC_WARN_UNINITIALIZED_AUTOS = YES_AGGRESSIVE;
				GCC_WARN_UNUSED_FUNCTION = YES;
				GCC_WARN_UNUSED_VARIABLE = YES;
				MACOSX_DEPLOYMENT_TARGET = 10.10;
				MTL_ENABLE_DEBUG_INFO = NO;
				SDKROOT = macosx;
			};
			name = Release;
		};
		ED8DC00D1C36152A00B42D26 /* Debug */ = {
			isa = XCBuildConfiguration;
			buildSettings = {
				PRODUCT_NAME = "$(TARGET_NAME)";
			};
			name = Debug;
		};
		ED8DC00E1C36152A00B42D26 /* Release */ = {
			isa = XCBuildConfiguration;
			buildSettings = {
				PRODUCT_NAME = "$(TARGET_NAME)";
			};
			name = Release;
		};
/* End XCBuildConfiguration section */

/* Begin XCConfigurationList section */
		ED8DC0001C36152A00B42D26 /* Build configuration list for PBXProject "ZC" */ = {
			isa = XCConfigurationList;
			buildConfigurations = (
				ED8DC00A1C36152A00B42D26 /* Debug */,
				ED8DC00B1C36152A00B42D26 /* Release */,
			);
			defaultConfigurationIsVisible = 0;
			defaultConfigurationName = Release;
		};
		ED8DC00C1C36152A00B42D26 /* Build configuration list for PBXNativeTarget "ZC" */ = {
			isa = XCConfigurationList;
			buildConfigurations = (
				ED8DC00D1C36152A00B42D26 /* Debug */,
				ED8DC00E1C36152A00B42D26 /* Release */,
			);
			defaultConfigurationIsVisible = 0;
			defaultConfigurationName = Release;
		};
/* End XCConfigurationList section */
	};
	rootObject = ED8DBFFD1C36152A00B42D26 /* Project object */;
}
